Microsoft Visual Studio Solution File, Format Version 12.00
# Visual Studio 2013
VisualStudioVersion = 12.0.30501.0
MinimumVisualStudioVersion = 10.0.40219.1
Project("{FAE04EC0-301F-11D3-BF4B-00C04F79EFBC}") = "Assembly-CSharp-firstpass", "Assembly-CSharp-firstpass.csproj", "{E4BC0B51-052A-7CA6-CA00-620C467F8DE5}"
EndProject
Project("{FAE04EC0-301F-11D3-BF4B-00C04F79EFBC}") = "Assembly-CSharp", "Assembly-CSharp.csproj", "{D57E8AE4-6803-471E-2DFF-23866B909180}"
EndProject
Project("{D0E196DA-4FF9-E76B-A177-158916DCA06C}") = "I01", "Assembly-UnityScript-firstpass.unityproj", "{5EF9BED6-2F97-536B-45E2-9F777F5929CB}"
EndProject
Project("{D0E196DA-4FF9-E76B-A177-158916DCA06C}") = "I01", "Assembly-UnityScript.unityproj", "{78884A55-4962-DEE5-2300-3FC9889B04C6}"
EndProject
Project("{D0E196DA-4FF9-E76B-A177-158916DCA06C}") = "I01", "Assembly-UnityScript-Editor-firstpass.unityproj", "{65E3B3BE-BB0B-C1C3-589A-4D3D2D13039F}"
EndProject
Global
	GlobalSection(SolutionConfigurationPlatforms) = preSolution
		Debug|Any CPU = Debug|Any CPU
		Release|Any CPU = Release|Any CPU
	EndGlobalSection
	GlobalSection(ProjectConfigurationPlatforms) = postSolution
		{E4BC0B51-052A-7CA6-CA00-620C467F8DE5}.Debug|Any CPU.ActiveCfg = Debug|Any CPU
		{E4BC0B51-052A-7CA6-CA00-620C467F8DE5}.Debug|Any CPU.Build.0 = Debug|Any CPU
		{E4BC0B51-052A-7CA6-CA00-620C467F8DE5}.Release|Any CPU.ActiveCfg = Release|Any CPU
		{E4BC0B51-052A-7CA6-CA00-620C467F8DE5}.Release|Any CPU.Build.0 = Release|Any CPU
		{D57E8AE4-6803-471E-2DFF-23866B909180}.Debug|Any CPU.ActiveCfg = Debug|Any CPU
		{D57E8AE4-6803-471E-2DFF-23866B909180}.Debug|Any CPU.Build.0 = Debug|Any CPU
		{D57E8AE4-6803-471E-2DFF-23866B909180}.Release|Any CPU.ActiveCfg = Release|Any CPU
		{D57E8AE4-6803-471E-2DFF-23866B909180}.Release|Any CPU.Build.0 = Release|Any CPU
		{5EF9BED6-2F97-536B-45E2-9F777F5929CB}.Debug|Any CPU.ActiveCfg = Debug|Any CPU
		{5EF9BED6-2F97-536B-45E2-9F777F5929CB}.Debug|Any CPU.Build.0 = Debug|Any CPU
		{5EF9BED6-2F97-536B-45E2-9F777F5929CB}.Release|Any CPU.ActiveCfg = Release|Any CPU
		{5EF9BED6-2F97-536B-45E2-9F777F5929CB}.Release|Any CPU.Build.0 = Release|Any CPU
		{78884A55-4962-DEE5-2300-3FC9889B04C6}.Debug|Any CPU.ActiveCfg = Debug|Any CPU
		{78884A55-4962-DEE5-2300-3FC9889B04C6}.Debug|Any CPU.Build.0 = Debug|Any CPU
		{78884A55-4962-DEE5-2300-3FC9889B04C6}.Release|Any CPU.ActiveCfg = Release|Any CPU
		{78884A55-4962-DEE5-2300-3FC9889B04C6}.Release|Any CPU.Build.0 = Release|Any CPU
		{65E3B3BE-BB0B-C1C3-589A-4D3D2D13039F}.Debug|Any CPU.ActiveCfg = Debug|Any CPU
		{65E3B3BE-BB0B-C1C3-589A-4D3D2D13039F}.Debug|Any CPU.Build.0 = Debug|Any CPU
		{65E3B3BE-BB0B-C1C3-589A-4D3D2D13039F}.Release|Any CPU.ActiveCfg = Release|Any CPU
		{65E3B3BE-BB0B-C1C3-589A-4D3D2D13039F}.Release|Any CPU.Build.0 = Release|Any CPU
	EndGlobalSection
	GlobalSection(SolutionProperties) = preSolution
		HideSolutionNode = FALSE
	EndGlobalSection
	GlobalSection(MonoDevelopProperties) = preSolution
		StartupItem = Assembly-CSharp.csproj
		Policies = $0
		$0.TextStylePolicy = $3
		$1.inheritsSet = null
		$1.scope = text/x-csharp
		$0.CSharpFormattingPolicy = $2
		$2.inheritsSet = Mono
		$2.inheritsScope = text/x-csharp
		$2.scope = text/x-csharp
		$3.FileWidth = 120
		$3.TabWidth = 4
		$3.EolMarker = Unix
		$3.inheritsSet = Mono
		$3.inheritsScope = text/plain
		$3.scope = text/plain
	EndGlobalSection
EndGlobal
